// !$*UTF8*$!
{
	archiveVersion = 1;
	classes = {
	};
	objectVersion = 48;
	objects = {

/* Begin PBXBuildFile section */
		5B3EFCF120F6FC8500D9210A /* AppDelegate.m in Sources */ = {isa = PBXBuildFile; fileRef = 5B3EFCF020F6FC8500D9210A /* AppDelegate.m */; };
		5B3EFCF420F6FC8500D9210A /* ViewController.m in Sources */ = {isa = PBXBuildFile; fileRef = 5B3EFCF320F6FC8500D9210A /* ViewController.m */; };
		5B3EFCF720F6FC8500D9210A /* Main.storyboard in Resources */ = {isa = PBXBuildFile; fileRef = 5B3EFCF520F6FC8500D9210A /* Main.storyboard */; };
		5B3EFCFA20F6FC8500D9210A /* RunLoop.xcdatamodeld in Sources */ = {isa = PBXBuildFile; fileRef = 5B3EFCF820F6FC8500D9210A /* RunLoop.xcdatamodeld */; };
		5B3EFCFC20F6FC8500D9210A /* Assets.xcassets in Resources */ = {isa = PBXBuildFile; fileRef = 5B3EFCFB20F6FC8500D9210A /* Assets.xcassets */; };
		5B3EFCFF20F6FC8500D9210A /* LaunchScreen.storyboard in Resources */ = {isa = PBXBuildFile; fileRef = 5B3EFCFD20F6FC8500D9210A /* LaunchScreen.storyboard */; };
		5B3EFD0220F6FC8500D9210A /* main.m in Sources */ = {isa = PBXBuildFile; fileRef = 5B3EFD0120F6FC8500D9210A /* main.m */; };
		5B3EFD0B20F6FD7F00D9210A /* HLThread.m in Sources */ = {isa = PBXBuildFile; fileRef = 5B3EFD0A20F6FD7F00D9210A /* HLThread.m */; };
		5B3EFD2A20F75B7F00D9210A /* RootViewController.m in Sources */ = {isa = PBXBuildFile; fileRef = 5B3EFD2820F75B7F00D9210A /* RootViewController.m */; };
		5B3EFD2E20F75DA000D9210A /* TimerViewController.m in Sources */ = {isa = PBXBuildFile; fileRef = 5B3EFD2D20F75DA000D9210A /* TimerViewController.m */; };
		5B4F685E212BA53E009B417D /* MyClass.m in Sources */ = {isa = PBXBuildFile; fileRef = 5B4F685D212BA53E009B417D /* MyClass.m */; };
/* End PBXBuildFile section */

/* Begin PBXFileReference section */
		5B3EFCEC20F6FC8500D9210A /* RunLoop.app */ = {isa = PBXFileReference; explicitFileType = wrapper.application; includeInIndex = 0; path = RunLoop.app; sourceTree = BUILT_PRODUCTS_DIR; };
		5B3EFCEF20F6FC8500D9210A /* AppDelegate.h */ = {isa = PBXFileReference; lastKnownFileType = sourcecode.c.h; path = AppDelegate.h; sourceTree = "<group>"; };
		5B3EFCF020F6FC8500D9210A /* AppDelegate.m */ = {isa = PBXFileReference; lastKnownFileType = sourcecode.c.objc; path = AppDelegate.m; sourceTree = "<group>"; };
		5B3EFCF220F6FC8500D9210A /* ViewController.h */ = {isa = PBXFileReference; lastKnownFileType = sourcecode.c.h; path = ViewController.h; sourceTree = "<group>"; };
		5B3EFCF320F6FC8500D9210A /* ViewController.m */ = {isa = PBXFileReference; lastKnownFileType = sourcecode.c.objc; path = ViewController.m; sourceTree = "<group>"; };
		5B3EFCF620F6FC8500D9210A /* Base */ = {isa = PBXFileReference; lastKnownFileType = file.storyboard; name = Base; path = Base.lproj/Main.storyboard; sourceTree = "<group>"; };
		5B3EFCF920F6FC8500D9210A /* RunLoop.xcdatamodel */ = {isa = PBXFileReference; lastKnownFileType = wrapper.xcdatamodel; path = RunLoop.xcdatamodel; sourceTree = "<group>"; };
		5B3EFCFB20F6FC8500D9210A /* Assets.xcassets */ = {isa = PBXFileReference; lastKnownFileType = folder.assetcatalog; path = Assets.xcassets; sourceTree = "<group>"; };
		5B3EFCFE20F6FC8500D9210A /* Base */ = {isa = PBXFileReference; lastKnownFileType = file.storyboard; name = Base; path = Base.lproj/LaunchScreen.storyboard; sourceTree = "<group>"; };
		5B3EFD0020F6FC8500D9210A /* Info.plist */ = {isa = PBXFileReference; lastKnownFileType = text.plist.xml; path = Info.plist; sourceTree = "<group>"; };
		5B3EFD0120F6FC8500D9210A /* main.m */ = {isa = PBXFileReference; lastKnownFileType = sourcecode.c.objc; path = main.m; sourceTree = "<group>"; };
		5B3EFD0920F6FD7F00D9210A /* HLThread.h */ = {isa = PBXFileReference; lastKnownFileType = sourcecode.c.h; path = HLThread.h; sourceTree = "<group>"; };
		5B3EFD0A20F6FD7F00D9210A /* HLThread.m */ = {isa = PBXFileReference; lastKnownFileType = sourcecode.c.objc; path = HLThread.m; sourceTree = "<group>"; };
		5B3EFD0C20F6FDBE00D9210A /* PrefixHeader.pch */ = {isa = PBXFileReference; lastKnownFileType = sourcecode.c.h; path = PrefixHeader.pch; sourceTree = "<group>"; };
		5B3EFD2620F7559500D9210A /* runlooop打印数据.h */ = {isa = PBXFileReference; lastKnownFileType = sourcecode.c.h; path = "runlooop打印数据.h"; sourceTree = "<group>"; };
		5B3EFD2720F75B7F00D9210A /* RootViewController.h */ = {isa = PBXFileReference; lastKnownFileType = sourcecode.c.h; path = RootViewController.h; sourceTree = "<group>"; };
		5B3EFD2820F75B7F00D9210A /* RootViewController.m */ = {isa = PBXFileReference; lastKnownFileType = sourcecode.c.objc; path = RootViewController.m; sourceTree = "<group>"; };
		5B3EFD2C20F75DA000D9210A /* TimerViewController.h */ = {isa = PBXFileReference; lastKnownFileType = sourcecode.c.h; path = TimerViewController.h; sourceTree = "<group>"; };
		5B3EFD2D20F75DA000D9210A /* TimerViewController.m */ = {isa = PBXFileReference; lastKnownFileType = sourcecode.c.objc; path = TimerViewController.m; sourceTree = "<group>"; };
		5B4F685C212BA53E009B417D /* MyClass.h */ = {isa = PBXFileReference; lastKnownFileType = sourcecode.c.h; path = MyClass.h; sourceTree = "<group>"; };
		5B4F685D212BA53E009B417D /* MyClass.m */ = {isa = PBXFileReference; lastKnownFileType = sourcecode.c.objc; path = MyClass.m; sourceTree = "<group>"; };
/* End PBXFileReference section */

/* Begin PBXFrameworksBuildPhase section */
		5B3EFCE920F6FC8500D9210A /* Frameworks */ = {
			isa = PBXFrameworksBuildPhase;
			buildActionMask = 2147483647;
			files = (
			);
			runOnlyForDeploymentPostprocessing = 0;
		};
/* End PBXFrameworksBuildPhase section */

/* Begin PBXGroup section */
		5B3EFCE320F6FC8400D9210A = {
			isa = PBXGroup;
			children = (
				5B3EFCEE20F6FC8500D9210A /* RunLoop */,
				5B3EFCED20F6FC8500D9210A /* Products */,
			);
			sourceTree = "<group>";
		};
		5B3EFCED20F6FC8500D9210A /* Products */ = {
			isa = PBXGroup;
			children = (
				5B3EFCEC20F6FC8500D9210A /* RunLoop.app */,
			);
			name = Products;
			sourceTree = "<group>";
		};
		5B3EFCEE20F6FC8500D9210A /* RunLoop */ = {
			isa = PBXGroup;
			children = (
				5B4F685B212BA504009B417D /* RunTime */,
				5B3EFD0820F6FD4100D9210A /* runLoop */,
				5B3EFCEF20F6FC8500D9210A /* AppDelegate.h */,
				5B3EFCF020F6FC8500D9210A /* AppDelegate.m */,
				5B3EFCF520F6FC8500D9210A /* Main.storyboard */,
				5B3EFCFB20F6FC8500D9210A /* Assets.xcassets */,
				5B3EFCFD20F6FC8500D9210A /* LaunchScreen.storyboard */,
				5B3EFD0020F6FC8500D9210A /* Info.plist */,
				5B3EFD0120F6FC8500D9210A /* main.m */,
				5B3EFCF820F6FC8500D9210A /* RunLoop.xcdatamodeld */,
				5B3EFD0C20F6FDBE00D9210A /* PrefixHeader.pch */,
				5B3EFD2620F7559500D9210A /* runlooop打印数据.h */,
				5B3EFD2720F75B7F00D9210A /* RootViewController.h */,
				5B3EFD2820F75B7F00D9210A /* RootViewController.m */,
			);
			path = RunLoop;
			sourceTree = "<group>";
		};
		5B3EFD0820F6FD4100D9210A /* runLoop */ = {
			isa = PBXGroup;
			children = (
				5B3EFD0920F6FD7F00D9210A /* HLThread.h */,
				5B3EFD0A20F6FD7F00D9210A /* HLThread.m */,
				5B3EFD2C20F75DA000D9210A /* TimerViewController.h */,
				5B3EFD2D20F75DA000D9210A /* TimerViewController.m */,
				5B3EFCF220F6FC8500D9210A /* ViewController.h */,
				5B3EFCF320F6FC8500D9210A /* ViewController.m */,
			);
			path = runLoop;
			sourceTree = "<group>";
		};
		5B4F685B212BA504009B417D /* RunTime */ = {
			isa = PBXGroup;
			children = (
				5B4F685C212BA53E009B417D /* MyClass.h */,
				5B4F685D212BA53E009B417D /* MyClass.m */,
			);
			path = RunTime;
			sourceTree = "<group>";
		};
/* End PBXGroup section */

/* Begin PBXNativeTarget section */
		5B3EFCEB20F6FC8500D9210A /* RunLoop */ = {
			isa = PBXNativeTarget;
			buildConfigurationList = 5B3EFD0520F6FC8500D9210A /* Build configuration list for PBXNativeTarget "RunLoop" */;
			buildPhases = (
				5B3EFCE820F6FC8500D9210A /* Sources */,
				5B3EFCE920F6FC8500D9210A /* Frameworks */,
				5B3EFCEA20F6FC8500D9210A /* Resources */,
			);
			buildRules = (
			);
			dependencies = (
			);
			name = RunLoop;
			productName = RunLoop;
			productReference = 5B3EFCEC20F6FC8500D9210A /* RunLoop.app */;
			productType = "com.apple.product-type.application";
		};
/* End PBXNativeTarget section */

/* Begin PBXProject section */
		5B3EFCE420F6FC8400D9210A /* Project object */ = {
			isa = PBXProject;
			attributes = {
				LastUpgradeCheck = 0920;
				ORGANIZATIONNAME = zhanglili;
				TargetAttributes = {
					5B3EFCEB20F6FC8500D9210A = {
						CreatedOnToolsVersion = 9.2;
						ProvisioningStyle = Automatic;
					};
				};
			};
			buildConfigurationList = 5B3EFCE720F6FC8400D9210A /* Build configuration list for PBXProject "RunLoop" */;
			compatibilityVersion = "Xcode 8.0";
			developmentRegion = en;
			hasScannedForEncodings = 0;
			knownRegions = (
				en,
				Base,
			);
			mainGroup = 5B3EFCE320F6FC8400D9210A;
			productRefGroup = 5B3EFCED20F6FC8500D9210A /* Products */;
			projectDirPath = "";
			projectRoot = "";
			targets = (
				5B3EFCEB20F6FC8500D9210A /* RunLoop */,
			);
		};
/* End PBXProject section */

/* Begin PBXResourcesBuildPhase section */
		5B3EFCEA20F6FC8500D9210A /* Resources */ = {
			isa = PBXResourcesBuildPhase;
			buildActionMask = 2147483647;
			files = (
				5B3EFCFF20F6FC8500D9210A /* LaunchScreen.storyboard in Resources */,
				5B3EFCFC20F6FC8500D9210A /* Assets.xcassets in Resources */,
				5B3EFCF720F6FC8500D9210A /* Main.storyboard in Resources */,
			);
			runOnlyForDeploymentPostprocessing = 0;
		};
/* End PBXResourcesBuildPhase section */

/* Begin PBXSourcesBuildPhase section */
		5B3EFCE820F6FC8500D9210A /* Sources */ = {
			isa = PBXSourcesBuildPhase;
			buildActionMask = 2147483647;
			files = (
				5B4F685E212BA53E009B417D /* MyClass.m in Sources */,
				5B3EFCFA20F6FC8500D9210A /* RunLoop.xcdatamodeld in Sources */,
				5B3EFD0B20F6FD7F00D9210A /* HLThread.m in Sources */,
				5B3EFD2E20F75DA000D9210A /* TimerViewController.m in Sources */,
				5B3EFD2A20F75B7F00D9210A /* RootViewController.m in Sources */,
				5B3EFCF420F6FC8500D9210A /* ViewController.m in Sources */,
				5B3EFD0220F6FC8500D9210A /* main.m in Sources */,
				5B3EFCF120F6FC8500D9210A /* AppDelegate.m in Sources */,
			);
			runOnlyForDeploymentPostprocessing = 0;
		};
/* End PBXSourcesBuildPhase section */

/* Begin PBXVariantGroup section */
		5B3EFCF520F6FC8500D9210A /* Main.storyboard */ = {
			isa = PBXVariantGroup;
			children = (
				5B3EFCF620F6FC8500D9210A /* Base */,
			);
			name = Main.storyboard;
			sourceTree = "<group>";
		};
		5B3EFCFD20F6FC8500D9210A /* LaunchScreen.storyboard */ = {
			isa = PBXVariantGroup;
			children = (
				5B3EFCFE20F6FC8500D9210A /* Base */,
			);
			name = LaunchScreen.storyboard;
			sourceTree = "<group>";
		};
/* End PBXVariantGroup section */

/* Begin XCBuildConfiguration section */
		5B3EFD0320F6FC8500D9210A /* Debug */ = {
			isa = XCBuildConfiguration;
			buildSettings = {
				ALWAYS_SEARCH_USER_PATHS = NO;
				CLANG_ANALYZER_NONNULL = YES;
				CLANG_ANALYZER_NUMBER_OBJECT_CONVERSION = YES_AGGRESSIVE;
				CLANG_CXX_LANGUAGE_STANDARD = "gnu++14";
				CLANG_CXX_LIBRARY = "libc++";
				CLANG_ENABLE_MODULES = YES;
				CLANG_ENABLE_OBJC_ARC = YES;
				CLANG_WARN_BLOCK_CAPTURE_AUTORELEASING = YES;
				CLANG_WARN_BOOL_CONVERSION = YES;
				CLANG_WARN_COMMA = YES;
				CLANG_WARN_CONSTANT_CONVERSION = YES;
				CLANG_WARN_DIRECT_OBJC_ISA_USAGE = YES_ERROR;
				CLANG_WARN_DOCUMENTATION_COMMENTS = YES;
				CLANG_WARN_EMPTY_BODY = YES;
				CLANG_WARN_ENUM_CONVERSION = YES;
				CLANG_WARN_INFINITE_RECURSION = YES;
				CLANG_WARN_INT_CONVERSION = YES;
				CLANG_WARN_NON_LITERAL_NULL_CONVERSION = YES;
				CLANG_WARN_OBJC_LITERAL_CONVERSION = YES;
				CLANG_WARN_OBJC_ROOT_CLASS = YES_ERROR;
				CLANG_WARN_RANGE_LOOP_ANALYSIS = YES;
				CLANG_WARN_STRICT_PROTOTYPES = YES;
				CLANG_WARN_SUSPICIOUS_MOVE = YES;
				CLANG_WARN_UNGUARDED_AVAILABILITY = YES_AGGRESSIVE;
				CLANG_WARN_UNREACHABLE_CODE = YES;
				CLANG_WARN__DUPLICATE_METHOD_MATCH = YES;
				CODE_SIGN_IDENTITY = "iPhone Developer";
				COPY_PHASE_STRIP = NO;
				DEBUG_INFORMATION_FORMAT = dwarf;
				ENABLE_STRICT_OBJC_MSGSEND = YES;
				ENABLE_TESTABILITY = YES;
				GCC_C_LANGUAGE_STANDARD = gnu11;
				GCC_DYNAMIC_NO_PIC = NO;
				GCC_NO_COMMON_BLOCKS = YES;
				GCC_OPTIMIZATION_LEVEL = 0;
				GCC_PREPROCESSOR_DEFINITIONS = (
					"DEBUG=1",
					"$(inherited)",
				);
				GCC_WARN_64_TO_32_BIT_CONVERSION = YES;
				GCC_WARN_ABOUT_RETURN_TYPE = YES_ERROR;
				GCC_WARN_UNDECLARED_SELECTOR = YES;
				GCC_WARN_UNINITIALIZED_AUTOS = YES_AGGRESSIVE;
				GCC_WARN_UNUSED_FUNCTION = YES;
				GCC_WARN_UNUSED_VARIABLE = YES;
				IPHONEOS_DEPLOYMENT_TARGET = 11.2;
				MTL_ENABLE_DEBUG_INFO = YES;
				ONLY_ACTIVE_ARCH = YES;
				SDKROOT = iphoneos;
			};
			name = Debug;
		};
		5B3EFD0420F6FC8500D9210A /* Release */ = {
			isa = XCBuildConfiguration;
			buildSettings = {
				ALWAYS_SEARCH_USER_PATHS = NO;
				CLANG_ANALYZER_NONNULL = YES;
				CLANG_ANALYZER_NUMBER_OBJECT_CONVERSION = YES_AGGRESSIVE;
				CLANG_CXX_LANGUAGE_STANDARD = "gnu++14";
				CLANG_CXX_LIBRARY = "libc++";
				CLANG_ENABLE_MODULES = YES;
				CLANG_ENABLE_OBJC_ARC = YES;
				CLANG_WARN_BLOCK_CAPTURE_AUTORELEASING = YES;
				CLANG_WARN_BOOL_CONVERSION = YES;
				CLANG_WARN_COMMA = YES;
				CLANG_WARN_CONSTANT_CONVERSION = YES;
				CLANG_WARN_DIRECT_OBJC_ISA_USAGE = YES_ERROR;
				CLANG_WARN_DOCUMENTATION_COMMENTS = YES;
				CLANG_WARN_EMPTY_BODY = YES;
				CLANG_WARN_ENUM_CONVERSION = YES;
				CLANG_WARN_INFINITE_RECURSION = YES;
				CLANG_WARN_INT_CONVERSION = YES;
				CLANG_WARN_NON_LITERAL_NULL_CONVERSION = YES;
				CLANG_WARN_OBJC_LITERAL_CONVERSION = YES;
				CLANG_WARN_OBJC_ROOT_CLASS = YES_ERROR;
				CLANG_WARN_RANGE_LOOP_ANALYSIS = YES;
				CLANG_WARN_STRICT_PROTOTYPES = YES;
				CLANG_WARN_SUSPICIOUS_MOVE = YES;
				CLANG_WARN_UNGUARDED_AVAILABILITY = YES_AGGRESSIVE;
				CLANG_WARN_UNREACHABLE_CODE = YES;
				CLANG_WARN__DUPLICATE_METHOD_MATCH = YES;
				CODE_SIGN_IDENTITY = "iPhone Developer";
				COPY_PHASE_STRIP = NO;
				DEBUG_INFORMATION_FORMAT = "dwarf-with-dsym";
				ENABLE_NS_ASSERTIONS = NO;
				ENABLE_STRICT_OBJC_MSGSEND = YES;
				GCC_C_LANGUAGE_STANDARD = gnu11;
				GCC_NO_COMMON_BLOCKS = YES;
				GCC_WARN_64_TO_32_BIT_CONVERSION = YES;
				GCC_WARN_ABOUT_RETURN_TYPE = YES_ERROR;
				GCC_WARN_UNDECLARED_SELECTOR = YES;
				GCC_WARN_UNINITIALIZED_AUTOS = YES_AGGRESSIVE;
				GCC_WARN_UNUSED_FUNCTION = YES;
				GCC_WARN_UNUSED_VARIABLE = YES;
				IPHONEOS_DEPLOYMENT_TARGET = 11.2;
				MTL_ENABLE_DEBUG_INFO = NO;
				SDKROOT = iphoneos;
				VALIDATE_PRODUCT = YES;
			};
			name = Release;
		};
		5B3EFD0620F6FC8500D9210A /* Debug */ = {
			isa = XCBuildConfiguration;
			buildSettings = {
				ASSETCATALOG_COMPILER_APPICON_NAME = AppIcon;
				CODE_SIGN_STYLE = Automatic;
				DEVELOPMENT_TEAM = F99FH9TB6L;
				GCC_PREFIX_HEADER = RunLoop/PrefixHeader.pch;
				INFOPLIST_FILE = RunLoop/Info.plist;
				LD_RUNPATH_SEARCH_PATHS = "$(inherited) @executable_path/Frameworks";
				PRODUCT_BUNDLE_IDENTIFIER = ZLL.RunLoop;
				PRODUCT_NAME = "$(TARGET_NAME)";
				TARGETED_DEVICE_FAMILY = "1,2";
			};
			name = Debug;
		};
		5B3EFD0720F6FC8500D9210A /* Release */ = {
			isa = XCBuildConfiguration;
			buildSettings = {
				ASSETCATALOG_COMPILER_APPICON_NAME = AppIcon;
				CODE_SIGN_STYLE = Automatic;
				DEVELOPMENT_TEAM = F99FH9TB6L;
				GCC_PREFIX_HEADER = RunLoop/PrefixHeader.pch;
				INFOPLIST_FILE = RunLoop/Info.plist;
				LD_RUNPATH_SEARCH_PATHS = "$(inherited) @executable_path/Frameworks";
				PRODUCT_BUNDLE_IDENTIFIER = ZLL.RunLoop;
				PRODUCT_NAME = "$(TARGET_NAME)";
				TARGETED_DEVICE_FAMILY = "1,2";
			};
			name = Release;
		};
/* End XCBuildConfiguration section */

/* Begin XCConfigurationList section */
		5B3EFCE720F6FC8400D9210A /* Build configuration list for PBXProject "RunLoop" */ = {
			isa = XCConfigurationList;
			buildConfigurations = (
				5B3EFD0320F6FC8500D9210A /* Debug */,
				5B3EFD0420F6FC8500D9210A /* Release */,
			);
			defaultConfigurationIsVisible = 0;
			defaultConfigurationName = Release;
		};
		5B3EFD0520F6FC8500D9210A /* Build configuration list for PBXNativeTarget "RunLoop" */ = {
			isa = XCConfigurationList;
			buildConfigurations = (
				5B3EFD0620F6FC8500D9210A /* Debug */,
				5B3EFD0720F6FC8500D9210A /* Release */,
			);
			defaultConfigurationIsVisible = 0;
			defaultConfigurationName = Release;
		};
/* End XCConfigurationList section */

/* Begin XCVersionGroup section */
		5B3EFCF820F6FC8500D9210A /* RunLoop.xcdatamodeld */ = {
			isa = XCVersionGroup;
			children = (
				5B3EFCF920F6FC8500D9210A /* RunLoop.xcdatamodel */,
			);
			currentVersion = 5B3EFCF920F6FC8500D9210A /* RunLoop.xcdatamodel */;
			path = RunLoop.xcdatamodeld;
			sourceTree = "<group>";
			versionGroupType = wrapper.xcdatamodel;
		};
/* End XCVersionGroup section */
	};
	rootObject = 5B3EFCE420F6FC8400D9210A /* Project object */;
}
